--- 
hash: d4a9160bbffdb7e7c02163b859d2bcdc105defa2
sources: 
- Rubygems: 
    uri: http://gemcutter.org
specs: 
- activesupport: 
    version: 2.3.8
- activerecord: 
    version: 2.3.8
- mime-types: 
    version: "1.16"
- xml-magic: 
    version: 0.1.1
- flickr_fu: 
    version: 0.3.0
- polyglot: 
    version: 0.3.1
- treetop: 
    version: 1.4.8
- mail: 
    version: 2.2.5
- rack: 
    version: 1.2.1
- sinatra: 
    version: "1.0"
- sqlite3-ruby: 
    version: 1.2.5
- tzinfo: 
    version: 0.3.22
- unicorn: 
    version: 1.1.0
dependencies: 
  activerecord: 
    version: = 2.3.8
    group: 
    - :default
  flickr_fu: 
    version: = 0.3.0
    group: 
    - :default
  mail: 
    version: = 2.2.5
    group: 
    - :default
  sinatra: 
    version: = 1.0
    group: 
    - :default
  sqlite3-ruby: 
    version: = 1.2.5
    group: 
    - :default
  unicorn: 
    version: = 1.1.0
    group: 
    - :default
  tzinfo: 
    version: = 0.3.22
    group: 
    - :default
